<?xml version="1.0" encoding="utf-8"?>
<Project ToolsVersion="4.0" xmlns="http://schemas.microsoft.com/developer/msbuild/2003">
  <ItemGroup>
    <Filter Include="Source Files">
      <UniqueIdentifier>{4FC737F1-C7A5-4376-A066-2A32D752A2FF}</UniqueIdentifier>
      <Extensions>cpp;c;cc;cxx;c++;cppm;ixx;def;odl;idl;hpj;bat;asm;asmx</Extensions>
    </Filter>
    <Filter Include="Header Files">
      <UniqueIdentifier>{93995380-89BD-4b04-88EB-625FBE52EBFB}</UniqueIdentifier>
      <Extensions>h;hh;hpp;hxx;h++;hm;inl;inc;ipp;xsd</Extensions>
    </Filter>
    <Filter Include="Resource Files">
      <UniqueIdentifier>{67DA6AB6-F800-4c08-8B7A-83BB121AAD01}</UniqueIdentifier>
      <Extensions>rc;ico;cur;bmp;dlg;rc2;rct;bin;rgs;gif;jpg;jpeg;jpe;resx;tiff;tif;png;wav;mfcribbon-ms</Extensions>
    </Filter>
    <Filter Include="Header Files\Scrreens">
      <UniqueIdentifier>{4e7c6624-667d-4c1c-8db8-d078395190de}</UniqueIdentifier>
    </Filter>
  </ItemGroup>
  <ItemGroup>
    <ClCompile Include="Bank-System-OOP.cpp">
      <Filter>Source Files</Filter>
    </ClCompile>
  </ItemGroup>
  <ItemGroup>
    <ClInclude Include="Global\Global.h">
      <Filter>Header Files</Filter>
    </ClInclude>
    <ClInclude Include="Screens\clsLoginScreen.h">
      <Filter>Header Files</Filter>
    </ClInclude>
    <ClInclude Include="Screens\Clients\clsAddNewClientScreen.h">
      <Filter>Header Files</Filter>
    </ClInclude>
    <ClInclude Include="Screens\Users\clsAddNewUserScreen.h">
      <Filter>Header Files</Filter>
    </ClInclude>
    <ClInclude Include="Screens\Clients\clsBankClient.h">
      <Filter>Header Files</Filter>
    </ClInclude>
    <ClInclude Include="Screens\Clients\clsClientListScreen.h">
      <Filter>Header Files</Filter>
    </ClInclude>
    <ClInclude Include="MyCustomeClasses\clsDate.h">
      <Filter>Header Files</Filter>
    </ClInclude>
    <ClInclude Include="Screens\Clients\clsDeleteClientScreen.h">
      <Filter>Header Files</Filter>
    </ClInclude>
    <ClInclude Include="Screens\Users\clsDeleteUserScreen.h">
      <Filter>Header Files</Filter>
    </ClInclude>
    <ClInclude Include="Screens\Transactions\clsDepositScreen.h">
      <Filter>Header Files</Filter>
    </ClInclude>
    <ClInclude Include="Screens\Clients\clsFindClientScreen.h">
      <Filter>Header Files</Filter>
    </ClInclude>
    <ClInclude Include="Screens\Users\clsFindUserScreen.h">
      <Filter>Header Files</Filter>
    </ClInclude>
    <ClInclude Include="MyCustomeClasses\clsInputValidate.h">
      <Filter>Header Files</Filter>
    </ClInclude>
    <ClInclude Include="Screens\clsMainScreen.h">
      <Filter>Header Files</Filter>
    </ClInclude>
    <ClInclude Include="Screens\Users\clsManageUsersScreen.h">
      <Filter>Header Files</Filter>
    </ClInclude>
    <ClInclude Include="MyCustomeClasses\clsPeriod.h">
      <Filter>Header Files</Filter>
    </ClInclude>
    <ClInclude Include="Global\clsPerson.h">
      <Filter>Header Files</Filter>
    </ClInclude>
    <ClInclude Include="Screens\clsScreen.h">
      <Filter>Header Files</Filter>
    </ClInclude>
    <ClInclude Include="Screens\Transactions\clsShowWithdrawScreen.h">
      <Filter>Header Files</Filter>
    </ClInclude>
    <ClInclude Include="MyCustomeClasses\clsString.h">
      <Filter>Header Files</Filter>
    </ClInclude>
    <ClInclude Include="Screens\Transactions\clsTotalBalancesScreen.h">
      <Filter>Header Files</Filter>
    </ClInclude>
    <ClInclude Include="Screens\Transactions\clsTransactionsScreen.h">
      <Filter>Header Files</Filter>
    </ClInclude>
    <ClInclude Include="Screens\Clients\clsUpdateClientScreen.h">
      <Filter>Header Files</Filter>
    </ClInclude>
    <ClInclude Include="Screens\Users\clsUpdateUserScreen.h">
      <Filter>Header Files</Filter>
    </ClInclude>
    <ClInclude Include="Screens\Users\clsUser.h">
      <Filter>Header Files</Filter>
    </ClInclude>
    <ClInclude Include="Screens\Users\clsUsersListScreen.h">
      <Filter>Header Files</Filter>
    </ClInclude>
    <ClInclude Include="MyCustomeClasses\clsUtil.h">
      <Filter>Header Files</Filter>
    </ClInclude>
    <ClInclude Include="Screens\clsLoginRegisterScreen.h">
      <Filter>Header Files</Filter>
    </ClInclude>
    <ClInclude Include="Screens\Transactions\clsTransferScreen.h">
      <Filter>Header Files</Filter>
    </ClInclude>
    <ClInclude Include="Screens\Transactions\clsTransfersLogScreen.h">
      <Filter>Header Files</Filter>
    </ClInclude>
    <ClInclude Include="Screens\clsCurrency.h">
      <Filter>Header Files</Filter>
    </ClInclude>
    <ClInclude Include="Screens\CurrencyExchange\clsCurrencyExchangeMainScreen.h">
      <Filter>Header Files</Filter>
    </ClInclude>
    <ClInclude Include="Screens\CurrencyExchange\clsCurrenciesListScreen.h">
      <Filter>Header Files</Filter>
    </ClInclude>
    <ClInclude Include="Screens\CurrencyExchange\clsFindCurrencyScreen.h">
      <Filter>Header Files</Filter>
    </ClInclude>
  </ItemGroup>
</Project>